
Microsoft Visual Studio Solution File, Format Version 12.00
# Visual Studio Version 16
VisualStudioVersion = 16.0.29409.12
MinimumVisualStudioVersion = 10.0.40219.1
Project("{9A19103F-16F7-4668-BE54-9A1E7A4F7556}") = "WebAPIDemo.Web", "WebAPIDemo.Web\WebAPIDemo.Web.csproj", "{21947BE5-EB1C-433A-95E6-0CCC6C071B43}"
EndProject
Project("{9A19103F-16F7-4668-BE54-9A1E7A4F7556}") = "WebAPIDemo.Core", "WebAPIDemo.Core\WebAPIDemo.Core.csproj", "{6866869A-A222-4D12-A7E3-D38A4295463C}"
EndProject
Project("{FAE04EC0-301F-11D3-BF4B-00C04F79EFBC}") = "WebAPIDemo.Tests", "WebAPIDemo.Core.Tests\WebAPIDemo.Tests.csproj", "{C0CE580C-4B97-463E-8DE4-9291C26B344D}"
EndProject
Global
	GlobalSection(SolutionConfigurationPlatforms) = preSolution
		Debug|Any CPU = Debug|Any CPU
		Release|Any CPU = Release|Any CPU
	EndGlobalSection
	GlobalSection(ProjectConfigurationPlatforms) = postSolution
		{21947BE5-EB1C-433A-95E6-0CCC6C071B43}.Debug|Any CPU.ActiveCfg = Debug|Any CPU
		{21947BE5-EB1C-433A-95E6-0CCC6C071B43}.Debug|Any CPU.Build.0 = Debug|Any CPU
		{21947BE5-EB1C-433A-95E6-0CCC6C071B43}.Release|Any CPU.ActiveCfg = Release|Any CPU
		{21947BE5-EB1C-433A-95E6-0CCC6C071B43}.Release|Any CPU.Build.0 = Release|Any CPU
		{6866869A-A222-4D12-A7E3-D38A4295463C}.Debug|Any CPU.ActiveCfg = Debug|Any CPU
		{6866869A-A222-4D12-A7E3-D38A4295463C}.Debug|Any CPU.Build.0 = Debug|Any CPU
		{6866869A-A222-4D12-A7E3-D38A4295463C}.Release|Any CPU.ActiveCfg = Release|Any CPU
		{6866869A-A222-4D12-A7E3-D38A4295463C}.Release|Any CPU.Build.0 = Release|Any CPU
		{C0CE580C-4B97-463E-8DE4-9291C26B344D}.Debug|Any CPU.ActiveCfg = Debug|Any CPU
		{C0CE580C-4B97-463E-8DE4-9291C26B344D}.Debug|Any CPU.Build.0 = Debug|Any CPU
		{C0CE580C-4B97-463E-8DE4-9291C26B344D}.Release|Any CPU.ActiveCfg = Release|Any CPU
		{C0CE580C-4B97-463E-8DE4-9291C26B344D}.Release|Any CPU.Build.0 = Release|Any CPU
	EndGlobalSection
	GlobalSection(SolutionProperties) = preSolution
		HideSolutionNode = FALSE
	EndGlobalSection
	GlobalSection(ExtensibilityGlobals) = postSolution
		SolutionGuid = {959C572C-999B-478C-8FF0-996269EEBD69}
	EndGlobalSection
EndGlobal
